
Microsoft Visual Studio Solution File, Format Version 12.00
# Visual Studio Version 17
VisualStudioVersion = 17.9.34622.214
MinimumVisualStudioVersion = 10.0.40219.1
Project("{9A19103F-16F7-4668-BE54-9A1E7A4F7556}") = "AspNetCoreMicroserviceInitializer.TradingDesk", "AspNetCoreMicroserviceInitializer.TradingDesk\AspNetCoreMicroserviceInitializer.TradingDesk.csproj", "{EAA70567-CA8D-440F-8958-097D340A0F8B}"
EndProject
Project("{2150E333-8FDC-42A3-9474-1A3956D46DE8}") = "Solution Items", "Solution Items", "{3A9BFB1C-85BC-4E48-9E9B-80FC50E84C66}"
	ProjectSection(SolutionItems) = preProject
		.editorconfig = .editorconfig
	EndProjectSection
EndProject
Project("{9A19103F-16F7-4668-BE54-9A1E7A4F7556}") = "AspNetCoreMicroserviceInitializer.Registrations", "AspNetCoreMicroserviceInitializer.Registrations\AspNetCoreMicroserviceInitializer.Registrations.csproj", "{AD616535-D00F-45B7-8685-6B699957E607}"
EndProject
Project("{9A19103F-16F7-4668-BE54-9A1E7A4F7556}") = "AspNetCoreMicroserviceInitializer.Database", "AspNetCoreMicroserviceInitializer.Database\AspNetCoreMicroserviceInitializer.Database.csproj", "{206B8A9E-64F2-4A2A-AFB9-2B1129B7927E}"
EndProject
Project("{FAE04EC0-301F-11D3-BF4B-00C04F79EFBC}") = "AspNetCoreMicroserviceInitializer.TestApi", "AspNetCoreMicroserviceInitializer.TestApi\AspNetCoreMicroserviceInitializer.TestApi.csproj", "{29F9D938-4322-43B1-95F4-5565BA59358A}"
EndProject
Global
	GlobalSection(SolutionConfigurationPlatforms) = preSolution
		Debug|Any CPU = Debug|Any CPU
		Release|Any CPU = Release|Any CPU
	EndGlobalSection
	GlobalSection(ProjectConfigurationPlatforms) = postSolution
		{EAA70567-CA8D-440F-8958-097D340A0F8B}.Debug|Any CPU.ActiveCfg = Debug|Any CPU
		{EAA70567-CA8D-440F-8958-097D340A0F8B}.Debug|Any CPU.Build.0 = Debug|Any CPU
		{EAA70567-CA8D-440F-8958-097D340A0F8B}.Release|Any CPU.ActiveCfg = Release|Any CPU
		{EAA70567-CA8D-440F-8958-097D340A0F8B}.Release|Any CPU.Build.0 = Release|Any CPU
		{AD616535-D00F-45B7-8685-6B699957E607}.Debug|Any CPU.ActiveCfg = Debug|Any CPU
		{AD616535-D00F-45B7-8685-6B699957E607}.Debug|Any CPU.Build.0 = Debug|Any CPU
		{AD616535-D00F-45B7-8685-6B699957E607}.Release|Any CPU.ActiveCfg = Release|Any CPU
		{AD616535-D00F-45B7-8685-6B699957E607}.Release|Any CPU.Build.0 = Release|Any CPU
		{206B8A9E-64F2-4A2A-AFB9-2B1129B7927E}.Debug|Any CPU.ActiveCfg = Debug|Any CPU
		{206B8A9E-64F2-4A2A-AFB9-2B1129B7927E}.Debug|Any CPU.Build.0 = Debug|Any CPU
		{206B8A9E-64F2-4A2A-AFB9-2B1129B7927E}.Release|Any CPU.ActiveCfg = Release|Any CPU
		{206B8A9E-64F2-4A2A-AFB9-2B1129B7927E}.Release|Any CPU.Build.0 = Release|Any CPU
		{29F9D938-4322-43B1-95F4-5565BA59358A}.Debug|Any CPU.ActiveCfg = Debug|Any CPU
		{29F9D938-4322-43B1-95F4-5565BA59358A}.Debug|Any CPU.Build.0 = Debug|Any CPU
		{29F9D938-4322-43B1-95F4-5565BA59358A}.Release|Any CPU.ActiveCfg = Release|Any CPU
		{29F9D938-4322-43B1-95F4-5565BA59358A}.Release|Any CPU.Build.0 = Release|Any CPU
	EndGlobalSection
	GlobalSection(SolutionProperties) = preSolution
		HideSolutionNode = FALSE
	EndGlobalSection
	GlobalSection(ExtensibilityGlobals) = postSolution
		SolutionGuid = {F3FF05A8-80F6-4C45-BA4C-5630A17BB5EF}
	EndGlobalSection
EndGlobal
